
Microsoft Visual Studio Solution File, Format Version 12.00
# Visual Studio Version 17
VisualStudioVersion = 17.5.33516.290
MinimumVisualStudioVersion = 10.0.40219.1
Project("{9A19103F-16F7-4668-BE54-9A1E7A4F7556}") = "RestoFlow.Api", "RestoFlow.Api\RestoFlow.Api.csproj", "{61768F37-1C86-4AB5-9ED5-62D7D783E1C8}"
EndProject
Project("{9A19103F-16F7-4668-BE54-9A1E7A4F7556}") = "RestoFlow.Core", "RestoFlow.Core\RestoFlow.Core.csproj", "{76D0765B-D4CB-4288-BBA1-70EA14467E56}"
EndProject
Project("{9A19103F-16F7-4668-BE54-9A1E7A4F7556}") = "RestoFlow.Infrastructure", "RestoFlow.Infrastructure\RestoFlow.Infrastructure.csproj", "{3C39992A-BF7B-4415-AA94-F82555BA9ABC}"
EndProject
Global
	GlobalSection(SolutionConfigurationPlatforms) = preSolution
		Debug|Any CPU = Debug|Any CPU
		Release|Any CPU = Release|Any CPU
	EndGlobalSection
	GlobalSection(ProjectConfigurationPlatforms) = postSolution
		{61768F37-1C86-4AB5-9ED5-62D7D783E1C8}.Debug|Any CPU.ActiveCfg = Debug|Any CPU
		{61768F37-1C86-4AB5-9ED5-62D7D783E1C8}.Debug|Any CPU.Build.0 = Debug|Any CPU
		{61768F37-1C86-4AB5-9ED5-62D7D783E1C8}.Release|Any CPU.ActiveCfg = Release|Any CPU
		{61768F37-1C86-4AB5-9ED5-62D7D783E1C8}.Release|Any CPU.Build.0 = Release|Any CPU
		{76D0765B-D4CB-4288-BBA1-70EA14467E56}.Debug|Any CPU.ActiveCfg = Debug|Any CPU
		{76D0765B-D4CB-4288-BBA1-70EA14467E56}.Debug|Any CPU.Build.0 = Debug|Any CPU
		{76D0765B-D4CB-4288-BBA1-70EA14467E56}.Release|Any CPU.ActiveCfg = Release|Any CPU
		{76D0765B-D4CB-4288-BBA1-70EA14467E56}.Release|Any CPU.Build.0 = Release|Any CPU
		{3C39992A-BF7B-4415-AA94-F82555BA9ABC}.Debug|Any CPU.ActiveCfg = Debug|Any CPU
		{3C39992A-BF7B-4415-AA94-F82555BA9ABC}.Debug|Any CPU.Build.0 = Debug|Any CPU
		{3C39992A-BF7B-4415-AA94-F82555BA9ABC}.Release|Any CPU.ActiveCfg = Release|Any CPU
		{3C39992A-BF7B-4415-AA94-F82555BA9ABC}.Release|Any CPU.Build.0 = Release|Any CPU
	EndGlobalSection
	GlobalSection(SolutionProperties) = preSolution
		HideSolutionNode = FALSE
	EndGlobalSection
	GlobalSection(ExtensibilityGlobals) = postSolution
		SolutionGuid = {6EE1904A-3481-410F-A305-5FEA7AE8698D}
	EndGlobalSection
EndGlobal
